
Microsoft Visual Studio Solution File, Format Version 12.00
# Visual Studio Version 16
VisualStudioVersion = 16.0.28922.388
MinimumVisualStudioVersion = 10.0.40219.1
Project("{9A19103F-16F7-4668-BE54-9A1E7A4F7556}") = "Send", "Send\Send.csproj", "{DDDA8742-199C-49E1-8B26-FA03E29CCEF3}"
EndProject
Project("{9A19103F-16F7-4668-BE54-9A1E7A4F7556}") = "Receive", "Receive\Receive.csproj", "{3DD5323E-561F-4C8E-ABC9-27583F3F069D}"
EndProject
Project("{FAE04EC0-301F-11D3-BF4B-00C04F79EFBC}") = "Tests", "Tests\Tests.csproj", "{147951DC-CCE9-4E2A-9282-3A6F95412EBD}"
EndProject
Global
	GlobalSection(SolutionConfigurationPlatforms) = preSolution
		Debug|Any CPU = Debug|Any CPU
		Release|Any CPU = Release|Any CPU
	EndGlobalSection
	GlobalSection(ProjectConfigurationPlatforms) = postSolution
		{DDDA8742-199C-49E1-8B26-FA03E29CCEF3}.Debug|Any CPU.ActiveCfg = Debug|Any CPU
		{DDDA8742-199C-49E1-8B26-FA03E29CCEF3}.Debug|Any CPU.Build.0 = Debug|Any CPU
		{DDDA8742-199C-49E1-8B26-FA03E29CCEF3}.Release|Any CPU.ActiveCfg = Release|Any CPU
		{DDDA8742-199C-49E1-8B26-FA03E29CCEF3}.Release|Any CPU.Build.0 = Release|Any CPU
		{3DD5323E-561F-4C8E-ABC9-27583F3F069D}.Debug|Any CPU.ActiveCfg = Debug|Any CPU
		{3DD5323E-561F-4C8E-ABC9-27583F3F069D}.Debug|Any CPU.Build.0 = Debug|Any CPU
		{3DD5323E-561F-4C8E-ABC9-27583F3F069D}.Release|Any CPU.ActiveCfg = Release|Any CPU
		{3DD5323E-561F-4C8E-ABC9-27583F3F069D}.Release|Any CPU.Build.0 = Release|Any CPU
		{147951DC-CCE9-4E2A-9282-3A6F95412EBD}.Debug|Any CPU.ActiveCfg = Debug|Any CPU
		{147951DC-CCE9-4E2A-9282-3A6F95412EBD}.Debug|Any CPU.Build.0 = Debug|Any CPU
		{147951DC-CCE9-4E2A-9282-3A6F95412EBD}.Release|Any CPU.ActiveCfg = Release|Any CPU
		{147951DC-CCE9-4E2A-9282-3A6F95412EBD}.Release|Any CPU.Build.0 = Release|Any CPU
	EndGlobalSection
	GlobalSection(SolutionProperties) = preSolution
		HideSolutionNode = FALSE
	EndGlobalSection
	GlobalSection(ExtensibilityGlobals) = postSolution
		SolutionGuid = {C3477A1B-9008-4908-B4FA-07C406B1EB51}
	EndGlobalSection
EndGlobal
